# THIS IS AN AUTOGENERATED FILE. DO NOT EDIT THIS FILE DIRECTLY.
# yarn lockfile v1


"@bazel/bazelisk@latest":
  version "1.7.3"
  resolved "https://registry.yarnpkg.com/@bazel/bazelisk/-/bazelisk-1.7.3.tgz#51d99286326e15434ce10c54c1ee598c4ab1f694"
  integrity sha512-A+QLZvKifKnbFawH5aaCnooPx0Ia5JS3S8SckKB034GVB3BjtUTCwjaxzxG3ARQ6Jq1vDcQwWgF2bjT9FjrdDg==

"@bazel/buildifier@latest":
  version "3.5.0"
  resolved "https://registry.yarnpkg.com/@bazel/buildifier/-/buildifier-3.5.0.tgz#afbee61d61543d0a0a28e2b29a5cbdb64c852953"
  integrity sha512-cbUS0/GMg57g6NIg6JekgmqVtuobYzW4aGHk7KzMS/bFZvxg6WY19JJ5UZSzGyAGDu2152oUTFbh4WN74Fz1+Q==

"@bazel/ibazel@latest":
  version "0.14.0"
  resolved "https://registry.yarnpkg.com/@bazel/ibazel/-/ibazel-0.14.0.tgz#86fa0002bed2ce1123b7ad98d4dd4623a0d93244"
  integrity sha512-s0gyec6lArcRDwVfIP6xpY8iEaFpzrSpyErSppd3r2O49pOEg7n6HGS/qJ8ncvme56vrDk6crl/kQ6VAdEO+rg==
